// !$*UTF8*$!
{
	archiveVersion = 1;
	classes = {
	};
	objectVersion = 50;
	objects = {

/* Begin PBXBuildFile section */
		FFB7E12622F4CB8400F3E67B /* AppDelegate.swift in Sources */ = {isa = PBXBuildFile; fileRef = FFB7E12522F4CB8400F3E67B /* AppDelegate.swift */; };
		FFB7E12822F4CB8400F3E67B /* ViewController.swift in Sources */ = {isa = PBXBuildFile; fileRef = FFB7E12722F4CB8400F3E67B /* ViewController.swift */; };
		FFB7E12B22F4CB8400F3E67B /* Main.storyboard in Resources */ = {isa = PBXBuildFile; fileRef = FFB7E12922F4CB8400F3E67B /* Main.storyboard */; };
		FFB7E12E22F4CB8400F3E67B /* GiftView.xcdatamodeld in Sources */ = {isa = PBXBuildFile; fileRef = FFB7E12C22F4CB8400F3E67B /* GiftView.xcdatamodeld */; };
		FFB7E13022F4CB8500F3E67B /* Assets.xcassets in Resources */ = {isa = PBXBuildFile; fileRef = FFB7E12F22F4CB8500F3E67B /* Assets.xcassets */; };
		FFB7E13322F4CB8500F3E67B /* LaunchScreen.storyboard in Resources */ = {isa = PBXBuildFile; fileRef = FFB7E13122F4CB8500F3E67B /* LaunchScreen.storyboard */; };
/* End PBXBuildFile section */

/* Begin PBXFileReference section */
		FFB7E12222F4CB8400F3E67B /* GiftView.app */ = {isa = PBXFileReference; explicitFileType = wrapper.application; includeInIndex = 0; path = GiftView.app; sourceTree = BUILT_PRODUCTS_DIR; };
		FFB7E12522F4CB8400F3E67B /* AppDelegate.swift */ = {isa = PBXFileReference; lastKnownFileType = sourcecode.swift; path = AppDelegate.swift; sourceTree = "<group>"; };
		FFB7E12722F4CB8400F3E67B /* ViewController.swift */ = {isa = PBXFileReference; lastKnownFileType = sourcecode.swift; path = ViewController.swift; sourceTree = "<group>"; };
		FFB7E12A22F4CB8400F3E67B /* Base */ = {isa = PBXFileReference; lastKnownFileType = file.storyboard; name = Base; path = Base.lproj/Main.storyboard; sourceTree = "<group>"; };
		FFB7E12D22F4CB8400F3E67B /* GiftView.xcdatamodel */ = {isa = PBXFileReference; lastKnownFileType = wrapper.xcdatamodel; path = GiftView.xcdatamodel; sourceTree = "<group>"; };
		FFB7E12F22F4CB8500F3E67B /* Assets.xcassets */ = {isa = PBXFileReference; lastKnownFileType = folder.assetcatalog; path = Assets.xcassets; sourceTree = "<group>"; };
		FFB7E13222F4CB8500F3E67B /* Base */ = {isa = PBXFileReference; lastKnownFileType = file.storyboard; name = Base; path = Base.lproj/LaunchScreen.storyboard; sourceTree = "<group>"; };
		FFB7E13422F4CB8500F3E67B /* Info.plist */ = {isa = PBXFileReference; lastKnownFileType = text.plist.xml; path = Info.plist; sourceTree = "<group>"; };
/* End PBXFileReference section */

/* Begin PBXFrameworksBuildPhase section */
		FFB7E11F22F4CB8400F3E67B /* Frameworks */ = {
			isa = PBXFrameworksBuildPhase;
			buildActionMask = 2147483647;
			files = (
			);
			runOnlyForDeploymentPostprocessing = 0;
		};
/* End PBXFrameworksBuildPhase section */

/* Begin PBXGroup section */
		FFB7E11922F4CB8400F3E67B = {
			isa = PBXGroup;
			children = (
				FFB7E12422F4CB8400F3E67B /* GiftView */,
				FFB7E12322F4CB8400F3E67B /* Products */,
			);
			sourceTree = "<group>";
		};
		FFB7E12322F4CB8400F3E67B /* Products */ = {
			isa = PBXGroup;
			children = (
				FFB7E12222F4CB8400F3E67B /* GiftView.app */,
			);
			name = Products;
			sourceTree = "<group>";
		};
		FFB7E12422F4CB8400F3E67B /* GiftView */ = {
			isa = PBXGroup;
			children = (
				FFB7E12522F4CB8400F3E67B /* AppDelegate.swift */,
				FFB7E12722F4CB8400F3E67B /* ViewController.swift */,
				FFB7E12922F4CB8400F3E67B /* Main.storyboard */,
				FFB7E12F22F4CB8500F3E67B /* Assets.xcassets */,
				FFB7E13122F4CB8500F3E67B /* LaunchScreen.storyboard */,
				FFB7E13422F4CB8500F3E67B /* Info.plist */,
				FFB7E12C22F4CB8400F3E67B /* GiftView.xcdatamodeld */,
			);
			path = GiftView;
			sourceTree = "<group>";
		};
/* End PBXGroup section */

/* Begin PBXNativeTarget section */
		FFB7E12122F4CB8400F3E67B /* GiftView */ = {
			isa = PBXNativeTarget;
			buildConfigurationList = FFB7E13722F4CB8500F3E67B /* Build configuration list for PBXNativeTarget "GiftView" */;
			buildPhases = (
				FFB7E11E22F4CB8400F3E67B /* Sources */,
				FFB7E11F22F4CB8400F3E67B /* Frameworks */,
				FFB7E12022F4CB8400F3E67B /* Resources */,
			);
			buildRules = (
			);
			dependencies = (
			);
			name = GiftView;
			productName = GiftView;
			productReference = FFB7E12222F4CB8400F3E67B /* GiftView.app */;
			productType = "com.apple.product-type.application";
		};
/* End PBXNativeTarget section */

/* Begin PBXProject section */
		FFB7E11A22F4CB8400F3E67B /* Project object */ = {
			isa = PBXProject;
			attributes = {
				LastSwiftUpdateCheck = 1030;
				LastUpgradeCheck = 1030;
				ORGANIZATIONNAME = "Art Williamson";
				TargetAttributes = {
					FFB7E12122F4CB8400F3E67B = {
						CreatedOnToolsVersion = 10.3;
					};
				};
			};
			buildConfigurationList = FFB7E11D22F4CB8400F3E67B /* Build configuration list for PBXProject "GiftView" */;
			compatibilityVersion = "Xcode 9.3";
			developmentRegion = en;
			hasScannedForEncodings = 0;
			knownRegions = (
				en,
				Base,
			);
			mainGroup = FFB7E11922F4CB8400F3E67B;
			productRefGroup = FFB7E12322F4CB8400F3E67B /* Products */;
			projectDirPath = "";
			projectRoot = "";
			targets = (
				FFB7E12122F4CB8400F3E67B /* GiftView */,
			);
		};
/* End PBXProject section */

/* Begin PBXResourcesBuildPhase section */
		FFB7E12022F4CB8400F3E67B /* Resources */ = {
			isa = PBXResourcesBuildPhase;
			buildActionMask = 2147483647;
			files = (
				FFB7E13322F4CB8500F3E67B /* LaunchScreen.storyboard in Resources */,
				FFB7E13022F4CB8500F3E67B /* Assets.xcassets in Resources */,
				FFB7E12B22F4CB8400F3E67B /* Main.storyboard in Resources */,
			);
			runOnlyForDeploymentPostprocessing = 0;
		};
/* End PBXResourcesBuildPhase section */

/* Begin PBXSourcesBuildPhase section */
		FFB7E11E22F4CB8400F3E67B /* Sources */ = {
			isa = PBXSourcesBuildPhase;
			buildActionMask = 2147483647;
			files = (
				FFB7E12822F4CB8400F3E67B /* ViewController.swift in Sources */,
				FFB7E12E22F4CB8400F3E67B /* GiftView.xcdatamodeld in Sources */,
				FFB7E12622F4CB8400F3E67B /* AppDelegate.swift in Sources */,
			);
			runOnlyForDeploymentPostprocessing = 0;
		};
/* End PBXSourcesBuildPhase section */

/* Begin PBXVariantGroup section */
		FFB7E12922F4CB8400F3E67B /* Main.storyboard */ = {
			isa = PBXVariantGroup;
			children = (
				FFB7E12A22F4CB8400F3E67B /* Base */,
			);
			name = Main.storyboard;
			sourceTree = "<group>";
		};
		FFB7E13122F4CB8500F3E67B /* LaunchScreen.storyboard */ = {
			isa = PBXVariantGroup;
			children = (
				FFB7E13222F4CB8500F3E67B /* Base */,
			);
			name = LaunchScreen.storyboard;
			sourceTree = "<group>";
		};
/* End PBXVariantGroup section */

/* Begin XCBuildConfiguration section */
		FFB7E13522F4CB8500F3E67B /* Debug */ = {
			isa = XCBuildConfiguration;
			buildSettings = {
				ALWAYS_SEARCH_USER_PATHS = NO;
				CLANG_ANALYZER_NONNULL = YES;
				CLANG_ANALYZER_NUMBER_OBJECT_CONVERSION = YES_AGGRESSIVE;
				CLANG_CXX_LANGUAGE_STANDARD = "gnu++14";
				CLANG_CXX_LIBRARY = "libc++";
				CLANG_ENABLE_MODULES = YES;
				CLANG_ENABLE_OBJC_ARC = YES;
				CLANG_ENABLE_OBJC_WEAK = YES;
				CLANG_WARN_BLOCK_CAPTURE_AUTORELEASING = YES;
				CLANG_WARN_BOOL_CONVERSION = YES;
				CLANG_WARN_COMMA = YES;
				CLANG_WARN_CONSTANT_CONVERSION = YES;
				CLANG_WARN_DEPRECATED_OBJC_IMPLEMENTATIONS = YES;
				CLANG_WARN_DIRECT_OBJC_ISA_USAGE = YES_ERROR;
				CLANG_WARN_DOCUMENTATION_COMMENTS = YES;
				CLANG_WARN_EMPTY_BODY = YES;
				CLANG_WARN_ENUM_CONVERSION = YES;
				CLANG_WARN_INFINITE_RECURSION = YES;
				CLANG_WARN_INT_CONVERSION = YES;
				CLANG_WARN_NON_LITERAL_NULL_CONVERSION = YES;
				CLANG_WARN_OBJC_IMPLICIT_RETAIN_SELF = YES;
				CLANG_WARN_OBJC_LITERAL_CONVERSION = YES;
				CLANG_WARN_OBJC_ROOT_CLASS = YES_ERROR;
				CLANG_WARN_RANGE_LOOP_ANALYSIS = YES;
				CLANG_WARN_STRICT_PROTOTYPES = YES;
				CLANG_WARN_SUSPICIOUS_MOVE = YES;
				CLANG_WARN_UNGUARDED_AVAILABILITY = YES_AGGRESSIVE;
				CLANG_WARN_UNREACHABLE_CODE = YES;
				CLANG_WARN__DUPLICATE_METHOD_MATCH = YES;
				CODE_SIGN_IDENTITY = "iPhone Developer";
				COPY_PHASE_STRIP = NO;
				DEBUG_INFORMATION_FORMAT = dwarf;
				ENABLE_STRICT_OBJC_MSGSEND = YES;
				ENABLE_TESTABILITY = YES;
				GCC_C_LANGUAGE_STANDARD = gnu11;
				GCC_DYNAMIC_NO_PIC = NO;
				GCC_NO_COMMON_BLOCKS = YES;
				GCC_OPTIMIZATION_LEVEL = 0;
				GCC_PREPROCESSOR_DEFINITIONS = (
					"DEBUG=1",
					"$(inherited)",
				);
				GCC_WARN_64_TO_32_BIT_CONVERSION = YES;
				GCC_WARN_ABOUT_RETURN_TYPE = YES_ERROR;
				GCC_WARN_UNDECLARED_SELECTOR = YES;
				GCC_WARN_UNINITIALIZED_AUTOS = YES_AGGRESSIVE;
				GCC_WARN_UNUSED_FUNCTION = YES;
				GCC_WARN_UNUSED_VARIABLE = YES;
				IPHONEOS_DEPLOYMENT_TARGET = 12.4;
				MTL_ENABLE_DEBUG_INFO = INCLUDE_SOURCE;
				MTL_FAST_MATH = YES;
				ONLY_ACTIVE_ARCH = YES;
				SDKROOT = iphoneos;
				SWIFT_ACTIVE_COMPILATION_CONDITIONS = DEBUG;
				SWIFT_OPTIMIZATION_LEVEL = "-Onone";
			};
			name = Debug;
		};
		FFB7E13622F4CB8500F3E67B /* Release */ = {
			isa = XCBuildConfiguration;
			buildSettings = {
				ALWAYS_SEARCH_USER_PATHS = NO;
				CLANG_ANALYZER_NONNULL = YES;
				CLANG_ANALYZER_NUMBER_OBJECT_CONVERSION = YES_AGGRESSIVE;
				CLANG_CXX_LANGUAGE_STANDARD = "gnu++14";
				CLANG_CXX_LIBRARY = "libc++";
				CLANG_ENABLE_MODULES = YES;
				CLANG_ENABLE_OBJC_ARC = YES;
				CLANG_ENABLE_OBJC_WEAK = YES;
				CLANG_WARN_BLOCK_CAPTURE_AUTORELEASING = YES;
				CLANG_WARN_BOOL_CONVERSION = YES;
				CLANG_WARN_COMMA = YES;
				CLANG_WARN_CONSTANT_CONVERSION = YES;
				CLANG_WARN_DEPRECATED_OBJC_IMPLEMENTATIONS = YES;
				CLANG_WARN_DIRECT_OBJC_ISA_USAGE = YES_ERROR;
				CLANG_WARN_DOCUMENTATION_COMMENTS = YES;
				CLANG_WARN_EMPTY_BODY = YES;
				CLANG_WARN_ENUM_CONVERSION = YES;
				CLANG_WARN_INFINITE_RECURSION = YES;
				CLANG_WARN_INT_CONVERSION = YES;
				CLANG_WARN_NON_LITERAL_NULL_CONVERSION = YES;
				CLANG_WARN_OBJC_IMPLICIT_RETAIN_SELF = YES;
				CLANG_WARN_OBJC_LITERAL_CONVERSION = YES;
				CLANG_WARN_OBJC_ROOT_CLASS = YES_ERROR;
				CLANG_WARN_RANGE_LOOP_ANALYSIS = YES;
				CLANG_WARN_STRICT_PROTOTYPES = YES;
				CLANG_WARN_SUSPICIOUS_MOVE = YES;
				CLANG_WARN_UNGUARDED_AVAILABILITY = YES_AGGRESSIVE;
				CLANG_WARN_UNREACHABLE_CODE = YES;
				CLANG_WARN__DUPLICATE_METHOD_MATCH = YES;
				CODE_SIGN_IDENTITY = "iPhone Developer";
				COPY_PHASE_STRIP = NO;
				DEBUG_INFORMATION_FORMAT = "dwarf-with-dsym";
				ENABLE_NS_ASSERTIONS = NO;
				ENABLE_STRICT_OBJC_MSGSEND = YES;
				GCC_C_LANGUAGE_STANDARD = gnu11;
				GCC_NO_COMMON_BLOCKS = YES;
				GCC_WARN_64_TO_32_BIT_CONVERSION = YES;
				GCC_WARN_ABOUT_RETURN_TYPE = YES_ERROR;
				GCC_WARN_UNDECLARED_SELECTOR = YES;
				GCC_WARN_UNINITIALIZED_AUTOS = YES_AGGRESSIVE;
				GCC_WARN_UNUSED_FUNCTION = YES;
				GCC_WARN_UNUSED_VARIABLE = YES;
				IPHONEOS_DEPLOYMENT_TARGET = 12.4;
				MTL_ENABLE_DEBUG_INFO = NO;
				MTL_FAST_MATH = YES;
				SDKROOT = iphoneos;
				SWIFT_COMPILATION_MODE = wholemodule;
				SWIFT_OPTIMIZATION_LEVEL = "-O";
				VALIDATE_PRODUCT = YES;
			};
			name = Release;
		};
		FFB7E13822F4CB8500F3E67B /* Debug */ = {
			isa = XCBuildConfiguration;
			buildSettings = {
				ASSETCATALOG_COMPILER_APPICON_NAME = AppIcon;
				CODE_SIGN_STYLE = Automatic;
				DEVELOPMENT_TEAM = A6DU6723X3;
				INFOPLIST_FILE = GiftView/Info.plist;
				LD_RUNPATH_SEARCH_PATHS = (
					"$(inherited)",
					"@executable_path/Frameworks",
				);
				PRODUCT_BUNDLE_IDENTIFIER = com.ArtWilliamson.GiftView;
				PRODUCT_NAME = "$(TARGET_NAME)";
				SWIFT_VERSION = 5.0;
				TARGETED_DEVICE_FAMILY = "1,2";
			};
			name = Debug;
		};
		FFB7E13922F4CB8500F3E67B /* Release */ = {
			isa = XCBuildConfiguration;
			buildSettings = {
				ASSETCATALOG_COMPILER_APPICON_NAME = AppIcon;
				CODE_SIGN_STYLE = Automatic;
				DEVELOPMENT_TEAM = A6DU6723X3;
				INFOPLIST_FILE = GiftView/Info.plist;
				LD_RUNPATH_SEARCH_PATHS = (
					"$(inherited)",
					"@executable_path/Frameworks",
				);
				PRODUCT_BUNDLE_IDENTIFIER = com.ArtWilliamson.GiftView;
				PRODUCT_NAME = "$(TARGET_NAME)";
				SWIFT_VERSION = 5.0;
				TARGETED_DEVICE_FAMILY = "1,2";
			};
			name = Release;
		};
/* End XCBuildConfiguration section */

/* Begin XCConfigurationList section */
		FFB7E11D22F4CB8400F3E67B /* Build configuration list for PBXProject "GiftView" */ = {
			isa = XCConfigurationList;
			buildConfigurations = (
				FFB7E13522F4CB8500F3E67B /* Debug */,
				FFB7E13622F4CB8500F3E67B /* Release */,
			);
			defaultConfigurationIsVisible = 0;
			defaultConfigurationName = Release;
		};
		FFB7E13722F4CB8500F3E67B /* Build configuration list for PBXNativeTarget "GiftView" */ = {
			isa = XCConfigurationList;
			buildConfigurations = (
				FFB7E13822F4CB8500F3E67B /* Debug */,
				FFB7E13922F4CB8500F3E67B /* Release */,
			);
			defaultConfigurationIsVisible = 0;
			defaultConfigurationName = Release;
		};
/* End XCConfigurationList section */

/* Begin XCVersionGroup section */
		FFB7E12C22F4CB8400F3E67B /* GiftView.xcdatamodeld */ = {
			isa = XCVersionGroup;
			children = (
				FFB7E12D22F4CB8400F3E67B /* GiftView.xcdatamodel */,
			);
			currentVersion = FFB7E12D22F4CB8400F3E67B /* GiftView.xcdatamodel */;
			path = GiftView.xcdatamodeld;
			sourceTree = "<group>";
			versionGroupType = wrapper.xcdatamodel;
		};
/* End XCVersionGroup section */
	};
	rootObject = FFB7E11A22F4CB8400F3E67B /* Project object */;
}
